
Microsoft Visual Studio Solution File, Format Version 12.00
# Visual Studio Version 17
VisualStudioVersion = 17.14.36127.28
MinimumVisualStudioVersion = 10.0.40219.1
Project("{FAE04EC0-301F-11D3-BF4B-00C04F79EFBC}") = "TicketSupportAPI", "TicketSupportAPI.csproj", "{CAFE0E65-7E3C-4AFB-99A9-17CD6E4D547D}"
EndProject
Project("{FAE04EC0-301F-11D3-BF4B-00C04F79EFBC}") = "TicketSupportAPI.Tests", "..\TicketSupportAPI.Tests\TicketSupportAPI.Tests.csproj", "{1017987B-CBB7-4EB2-8B85-A47B03D3C093}"
EndProject
Global
	GlobalSection(SolutionConfigurationPlatforms) = preSolution
		Debug|Any CPU = Debug|Any CPU
		Debug|x64 = Debug|x64
		Debug|x86 = Debug|x86
		Release|Any CPU = Release|Any CPU
		Release|x64 = Release|x64
		Release|x86 = Release|x86
	EndGlobalSection
	GlobalSection(ProjectConfigurationPlatforms) = postSolution
		{CAFE0E65-7E3C-4AFB-99A9-17CD6E4D547D}.Debug|Any CPU.ActiveCfg = Debug|Any CPU
		{CAFE0E65-7E3C-4AFB-99A9-17CD6E4D547D}.Debug|Any CPU.Build.0 = Debug|Any CPU
		{CAFE0E65-7E3C-4AFB-99A9-17CD6E4D547D}.Debug|x64.ActiveCfg = Debug|Any CPU
		{CAFE0E65-7E3C-4AFB-99A9-17CD6E4D547D}.Debug|x64.Build.0 = Debug|Any CPU
		{CAFE0E65-7E3C-4AFB-99A9-17CD6E4D547D}.Debug|x86.ActiveCfg = Debug|Any CPU
		{CAFE0E65-7E3C-4AFB-99A9-17CD6E4D547D}.Debug|x86.Build.0 = Debug|Any CPU
		{CAFE0E65-7E3C-4AFB-99A9-17CD6E4D547D}.Release|Any CPU.ActiveCfg = Release|Any CPU
		{CAFE0E65-7E3C-4AFB-99A9-17CD6E4D547D}.Release|Any CPU.Build.0 = Release|Any CPU
		{CAFE0E65-7E3C-4AFB-99A9-17CD6E4D547D}.Release|x64.ActiveCfg = Release|Any CPU
		{CAFE0E65-7E3C-4AFB-99A9-17CD6E4D547D}.Release|x64.Build.0 = Release|Any CPU
		{CAFE0E65-7E3C-4AFB-99A9-17CD6E4D547D}.Release|x86.ActiveCfg = Release|Any CPU
		{CAFE0E65-7E3C-4AFB-99A9-17CD6E4D547D}.Release|x86.Build.0 = Release|Any CPU
		{1017987B-CBB7-4EB2-8B85-A47B03D3C093}.Debug|Any CPU.ActiveCfg = Debug|Any CPU
		{1017987B-CBB7-4EB2-8B85-A47B03D3C093}.Debug|Any CPU.Build.0 = Debug|Any CPU
		{1017987B-CBB7-4EB2-8B85-A47B03D3C093}.Debug|x64.ActiveCfg = Debug|Any CPU
		{1017987B-CBB7-4EB2-8B85-A47B03D3C093}.Debug|x64.Build.0 = Debug|Any CPU
		{1017987B-CBB7-4EB2-8B85-A47B03D3C093}.Debug|x86.ActiveCfg = Debug|Any CPU
		{1017987B-CBB7-4EB2-8B85-A47B03D3C093}.Debug|x86.Build.0 = Debug|Any CPU
		{1017987B-CBB7-4EB2-8B85-A47B03D3C093}.Release|Any CPU.ActiveCfg = Release|Any CPU
		{1017987B-CBB7-4EB2-8B85-A47B03D3C093}.Release|Any CPU.Build.0 = Release|Any CPU
		{1017987B-CBB7-4EB2-8B85-A47B03D3C093}.Release|x64.ActiveCfg = Release|Any CPU
		{1017987B-CBB7-4EB2-8B85-A47B03D3C093}.Release|x64.Build.0 = Release|Any CPU
		{1017987B-CBB7-4EB2-8B85-A47B03D3C093}.Release|x86.ActiveCfg = Release|Any CPU
		{1017987B-CBB7-4EB2-8B85-A47B03D3C093}.Release|x86.Build.0 = Release|Any CPU
	EndGlobalSection
	GlobalSection(SolutionProperties) = preSolution
		HideSolutionNode = FALSE
	EndGlobalSection
	GlobalSection(ExtensibilityGlobals) = postSolution
		SolutionGuid = {0381B3E2-70D0-4143-8C9F-888FCA0D4224}
	EndGlobalSection
EndGlobal
